
Microsoft Visual Studio Solution File, Format Version 12.00
# Visual Studio Version 17
VisualStudioVersion = 17.0.31903.59
MinimumVisualStudioVersion = 10.0.40219.1
Project("{FAE04EC0-301F-11D3-BF4B-00C04F79EFBC}") = "ControleRecommads.Domain", "ControleRecommads.Domain\ControleRecommads.Domain.csproj", "{4D0174D7-6A0E-45A0-97BA-72CAE53DDF02}"
EndProject
Project("{FAE04EC0-301F-11D3-BF4B-00C04F79EFBC}") = "ControleRecommads.Test", "ControleRecommads.Test\ControleRecommads.Test.csproj", "{840D30E6-75E8-45D0-BCB9-765681C027AB}"
EndProject
Global
	GlobalSection(SolutionConfigurationPlatforms) = preSolution
		Debug|Any CPU = Debug|Any CPU
		Release|Any CPU = Release|Any CPU
	EndGlobalSection
	GlobalSection(SolutionProperties) = preSolution
		HideSolutionNode = FALSE
	EndGlobalSection
	GlobalSection(ProjectConfigurationPlatforms) = postSolution
		{4D0174D7-6A0E-45A0-97BA-72CAE53DDF02}.Debug|Any CPU.ActiveCfg = Debug|Any CPU
		{4D0174D7-6A0E-45A0-97BA-72CAE53DDF02}.Debug|Any CPU.Build.0 = Debug|Any CPU
		{4D0174D7-6A0E-45A0-97BA-72CAE53DDF02}.Release|Any CPU.ActiveCfg = Release|Any CPU
		{4D0174D7-6A0E-45A0-97BA-72CAE53DDF02}.Release|Any CPU.Build.0 = Release|Any CPU
		{840D30E6-75E8-45D0-BCB9-765681C027AB}.Debug|Any CPU.ActiveCfg = Debug|Any CPU
		{840D30E6-75E8-45D0-BCB9-765681C027AB}.Debug|Any CPU.Build.0 = Debug|Any CPU
		{840D30E6-75E8-45D0-BCB9-765681C027AB}.Release|Any CPU.ActiveCfg = Release|Any CPU
		{840D30E6-75E8-45D0-BCB9-765681C027AB}.Release|Any CPU.Build.0 = Release|Any CPU
	EndGlobalSection
EndGlobal
