
Microsoft Visual Studio Solution File, Format Version 12.00
# Visual Studio Version 17
VisualStudioVersion = 17.0.31903.59
MinimumVisualStudioVersion = 10.0.40219.1
Project("{FAE04EC0-301F-11D3-BF4B-00C04F79EFBC}") = "MRCSyst.Domain", "MRCSyst.Domain\MRCSyst.Domain.csproj", "{299857B1-197E-4B78-ACF8-429534A7D36B}"
EndProject
Project("{FAE04EC0-301F-11D3-BF4B-00C04F79EFBC}") = "MRCSyst.Test", "MRCSyst.Test\MRCSyst.Test.csproj", "{0FBD2B4A-3CA4-45EB-A874-73BC260121F1}"
EndProject
Global
	GlobalSection(SolutionConfigurationPlatforms) = preSolution
		Debug|Any CPU = Debug|Any CPU
		Release|Any CPU = Release|Any CPU
	EndGlobalSection
	GlobalSection(SolutionProperties) = preSolution
		HideSolutionNode = FALSE
	EndGlobalSection
	GlobalSection(ProjectConfigurationPlatforms) = postSolution
		{299857B1-197E-4B78-ACF8-429534A7D36B}.Debug|Any CPU.ActiveCfg = Debug|Any CPU
		{299857B1-197E-4B78-ACF8-429534A7D36B}.Debug|Any CPU.Build.0 = Debug|Any CPU
		{299857B1-197E-4B78-ACF8-429534A7D36B}.Release|Any CPU.ActiveCfg = Release|Any CPU
		{299857B1-197E-4B78-ACF8-429534A7D36B}.Release|Any CPU.Build.0 = Release|Any CPU
		{0FBD2B4A-3CA4-45EB-A874-73BC260121F1}.Debug|Any CPU.ActiveCfg = Debug|Any CPU
		{0FBD2B4A-3CA4-45EB-A874-73BC260121F1}.Debug|Any CPU.Build.0 = Debug|Any CPU
		{0FBD2B4A-3CA4-45EB-A874-73BC260121F1}.Release|Any CPU.ActiveCfg = Release|Any CPU
		{0FBD2B4A-3CA4-45EB-A874-73BC260121F1}.Release|Any CPU.Build.0 = Release|Any CPU
	EndGlobalSection
EndGlobal
